
Microsoft Visual Studio Solution File, Format Version 12.00
# Visual Studio Version 17
VisualStudioVersion = 17.6.33829.357
MinimumVisualStudioVersion = 10.0.40219.1
Project("{FAE04EC0-301F-11D3-BF4B-00C04F79EFBC}") = "SpecBuilderTypePlayground", "SpecBuilderTypePlayground\SpecBuilderTypePlayground.csproj", "{0B832C5D-2E12-4898-AE51-D8E3037F0186}"
EndProject
Global
	GlobalSection(SolutionConfigurationPlatforms) = preSolution
		Debug|Any CPU = Debug|Any CPU
		Release|Any CPU = Release|Any CPU
	EndGlobalSection
	GlobalSection(ProjectConfigurationPlatforms) = postSolution
		{0B832C5D-2E12-4898-AE51-D8E3037F0186}.Debug|Any CPU.ActiveCfg = Debug|Any CPU
		{0B832C5D-2E12-4898-AE51-D8E3037F0186}.Debug|Any CPU.Build.0 = Debug|Any CPU
		{0B832C5D-2E12-4898-AE51-D8E3037F0186}.Release|Any CPU.ActiveCfg = Release|Any CPU
		{0B832C5D-2E12-4898-AE51-D8E3037F0186}.Release|Any CPU.Build.0 = Release|Any CPU
	EndGlobalSection
	GlobalSection(SolutionProperties) = preSolution
		HideSolutionNode = FALSE
	EndGlobalSection
	GlobalSection(ExtensibilityGlobals) = postSolution
		SolutionGuid = {00C5201A-C68D-4E40-82DB-88F8035B73B9}
	EndGlobalSection
EndGlobal
